
Microsoft Visual Studio Solution File, Format Version 12.00
# Visual Studio 15
VisualStudioVersion = 15.0.26730.12
MinimumVisualStudioVersion = 10.0.40219.1
Project("{FAE04EC0-301F-11D3-BF4B-00C04F79EFBC}") = "MoqExample.Services", "MoqExample.Services\MoqExample.Services.csproj", "{444ECE24-BA4A-400F-AE17-46A05ED443D5}"
EndProject
Project("{FAE04EC0-301F-11D3-BF4B-00C04F79EFBC}") = "MoqExample.Models", "MoqExample.Models\MoqExample.Models.csproj", "{C7EE50C2-01C4-4D08-8A60-AC6BBAD5D479}"
EndProject
Project("{FAE04EC0-301F-11D3-BF4B-00C04F79EFBC}") = "MoqExample.Unit.Tests", "MoqExample.Unit.Tests\MoqExample.Unit.Tests.csproj", "{EF09039F-D240-45FC-8FEC-C75B2AFF9141}"
EndProject
Global
	GlobalSection(SolutionConfigurationPlatforms) = preSolution
		Debug|Any CPU = Debug|Any CPU
		Release|Any CPU = Release|Any CPU
	EndGlobalSection
	GlobalSection(ProjectConfigurationPlatforms) = postSolution
		{444ECE24-BA4A-400F-AE17-46A05ED443D5}.Debug|Any CPU.ActiveCfg = Debug|Any CPU
		{444ECE24-BA4A-400F-AE17-46A05ED443D5}.Debug|Any CPU.Build.0 = Debug|Any CPU
		{444ECE24-BA4A-400F-AE17-46A05ED443D5}.Release|Any CPU.ActiveCfg = Release|Any CPU
		{444ECE24-BA4A-400F-AE17-46A05ED443D5}.Release|Any CPU.Build.0 = Release|Any CPU
		{C7EE50C2-01C4-4D08-8A60-AC6BBAD5D479}.Debug|Any CPU.ActiveCfg = Debug|Any CPU
		{C7EE50C2-01C4-4D08-8A60-AC6BBAD5D479}.Debug|Any CPU.Build.0 = Debug|Any CPU
		{C7EE50C2-01C4-4D08-8A60-AC6BBAD5D479}.Release|Any CPU.ActiveCfg = Release|Any CPU
		{C7EE50C2-01C4-4D08-8A60-AC6BBAD5D479}.Release|Any CPU.Build.0 = Release|Any CPU
		{EF09039F-D240-45FC-8FEC-C75B2AFF9141}.Debug|Any CPU.ActiveCfg = Debug|Any CPU
		{EF09039F-D240-45FC-8FEC-C75B2AFF9141}.Debug|Any CPU.Build.0 = Debug|Any CPU
		{EF09039F-D240-45FC-8FEC-C75B2AFF9141}.Release|Any CPU.ActiveCfg = Release|Any CPU
		{EF09039F-D240-45FC-8FEC-C75B2AFF9141}.Release|Any CPU.Build.0 = Release|Any CPU
	EndGlobalSection
	GlobalSection(SolutionProperties) = preSolution
		HideSolutionNode = FALSE
	EndGlobalSection
	GlobalSection(ExtensibilityGlobals) = postSolution
		SolutionGuid = {722394A1-B8D5-4CCD-834B-AFA682FB7AB6}
	EndGlobalSection
EndGlobal
